
Microsoft Visual Studio Solution File, Format Version 12.00
# Visual Studio 15
VisualStudioVersion = 15.0.35319.79
MinimumVisualStudioVersion = 10.0.40219.1
Project("{FAE04EC0-301F-11D3-BF4B-00C04F79EFBC}") = "Porje", "Porje\Porje.csproj", "{9AF47C07-C34D-4D43-A966-0F33D75B7660}"
EndProject
Global
	GlobalSection(SolutionConfigurationPlatforms) = preSolution
		Debug|Any CPU = Debug|Any CPU
		Release|Any CPU = Release|Any CPU
	EndGlobalSection
	GlobalSection(ProjectConfigurationPlatforms) = postSolution
		{9AF47C07-C34D-4D43-A966-0F33D75B7660}.Debug|Any CPU.ActiveCfg = Debug|Any CPU
		{9AF47C07-C34D-4D43-A966-0F33D75B7660}.Debug|Any CPU.Build.0 = Debug|Any CPU
		{9AF47C07-C34D-4D43-A966-0F33D75B7660}.Release|Any CPU.ActiveCfg = Release|Any CPU
		{9AF47C07-C34D-4D43-A966-0F33D75B7660}.Release|Any CPU.Build.0 = Release|Any CPU
	EndGlobalSection
	GlobalSection(SolutionProperties) = preSolution
		HideSolutionNode = FALSE
	EndGlobalSection
	GlobalSection(ExtensibilityGlobals) = postSolution
		SolutionGuid = {EB638517-3EC3-4329-A1E0-B81F5F668A2B}
	EndGlobalSection
EndGlobal
